
Microsoft Visual Studio Solution File, Format Version 12.00
# Visual Studio Version 17
VisualStudioVersion = 17.1.32407.343
MinimumVisualStudioVersion = 10.0.40219.1
Project("{FAE04EC0-301F-11D3-BF4B-00C04F79EFBC}") = "GoodVibes.Client.Wpf", "GoodVibes.Client.Wpf\GoodVibes.Client.Wpf.csproj", "{A193F1DB-412C-4FA2-8870-74EAA837635D}"
EndProject
Global
	GlobalSection(SolutionConfigurationPlatforms) = preSolution
		Debug|Any CPU = Debug|Any CPU
		Release|Any CPU = Release|Any CPU
	EndGlobalSection
	GlobalSection(ProjectConfigurationPlatforms) = postSolution
		{A193F1DB-412C-4FA2-8870-74EAA837635D}.Debug|Any CPU.ActiveCfg = Debug|Any CPU
		{A193F1DB-412C-4FA2-8870-74EAA837635D}.Debug|Any CPU.Build.0 = Debug|Any CPU
		{A193F1DB-412C-4FA2-8870-74EAA837635D}.Release|Any CPU.ActiveCfg = Release|Any CPU
		{A193F1DB-412C-4FA2-8870-74EAA837635D}.Release|Any CPU.Build.0 = Release|Any CPU
	EndGlobalSection
	GlobalSection(SolutionProperties) = preSolution
		HideSolutionNode = FALSE
	EndGlobalSection
	GlobalSection(ExtensibilityGlobals) = postSolution
		SolutionGuid = {F8A2CEFC-F73B-4615-902F-1E690090878A}
	EndGlobalSection
EndGlobal
